PODS:
  - BinAnimation (0.1.0)
  - FBSnapshotTestCase (2.1.4):
    - FBSnapshotTestCase/SwiftSupport (= 2.1.4)
  - FBSnapshotTestCase/Core (2.1.4)
  - FBSnapshotTestCase/SwiftSupport (2.1.4):
    - FBSnapshotTestCase/Core
  - Kiwi (2.4.0)

DEPENDENCIES:
  - BinAnimation (from `../`)
  - FBSnapshotTestCase
  - Kiwi

SPEC REPOS:
  https://github.com/cocoapods/specs.git:
    - FBSnapshotTestCase
    - Kiwi

EXTERNAL SOURCES:
  BinAnimation:
    :path: "../"

SPEC CHECKSUMS:
  BinAnimation: 2374232c70e05dd0baea1a01411afea89a0f6636
  FBSnapshotTestCase: 094f9f314decbabe373b87cc339bea235a63e07a
  Kiwi: f49c9d54b28917df5928fe44968a39ed198cb8a8

PODFILE CHECKSUM: 5baa1f4d75d54eab96c9d0927a4c284e40aa6d43

COCOAPODS: 1.5.3
